
Microsoft Visual Studio Solution File, Format Version 12.00
# Visual Studio 15
VisualStudioVersion = 15.0.28010.2050
MinimumVisualStudioVersion = 10.0.40219.1
Project("{D954291E-2A0B-460D-934E-DC6B0785DB48}") = "ProjetRestau", "ProjetRestau\ProjetRestau.shproj", "{CDED1CAD-E4E5-4565-B2CF-F11FD200483B}"
EndProject
Global
	GlobalSection(SharedMSBuildProjectFiles) = preSolution
		ProjetRestau\ProjetRestau.projitems*{cded1cad-e4e5-4565-b2cf-f11fd200483b}*SharedItemsImports = 13
	EndGlobalSection
	GlobalSection(SolutionProperties) = preSolution
		HideSolutionNode = FALSE
	EndGlobalSection
	GlobalSection(ExtensibilityGlobals) = postSolution
		SolutionGuid = {49CA8E24-AFE5-4E47-9D74-F0D7DA5B6F25}
	EndGlobalSection
EndGlobal
